
Microsoft Visual Studio Solution File, Format Version 12.00
# Visual Studio Version 17
VisualStudioVersion = 17.8.34408.163
MinimumVisualStudioVersion = 10.0.40219.1
Project("{FAE04EC0-301F-11D3-BF4B-00C04F79EFBC}") = "TelegramBulkMarket", "TelegramBulkMarket\TelegramBulkMarket.csproj", "{3A31D9D5-7CDC-4968-A7B4-712BDD836760}"
EndProject
Global
	GlobalSection(SolutionConfigurationPlatforms) = preSolution
		Debug|Any CPU = Debug|Any CPU
		Release|Any CPU = Release|Any CPU
	EndGlobalSection
	GlobalSection(ProjectConfigurationPlatforms) = postSolution
		{3A31D9D5-7CDC-4968-A7B4-712BDD836760}.Debug|Any CPU.ActiveCfg = Debug|Any CPU
		{3A31D9D5-7CDC-4968-A7B4-712BDD836760}.Debug|Any CPU.Build.0 = Debug|Any CPU
		{3A31D9D5-7CDC-4968-A7B4-712BDD836760}.Release|Any CPU.ActiveCfg = Release|Any CPU
		{3A31D9D5-7CDC-4968-A7B4-712BDD836760}.Release|Any CPU.Build.0 = Release|Any CPU
	EndGlobalSection
	GlobalSection(SolutionProperties) = preSolution
		HideSolutionNode = FALSE
	EndGlobalSection
	GlobalSection(ExtensibilityGlobals) = postSolution
		SolutionGuid = {446A5633-44BB-4119-A484-126DEB2D4C3D}
	EndGlobalSection
EndGlobal
